
Microsoft Visual Studio Solution File, Format Version 12.00
# Visual Studio Version 16
VisualStudioVersion = 16.0.32407.337
MinimumVisualStudioVersion = 10.0.40219.1
Project("{FAE04EC0-301F-11D3-BF4B-00C04F79EFBC}") = "StudentSystem", "StudentSystem\StudentSystem.csproj", "{8BDE5265-5C6C-41ED-B5B5-FF591B2123B9}"
EndProject
Project("{54435603-DBB4-11D2-8724-00A0C9A8B90C}") = "Setup", "Setup\Setup.vdproj", "{1FF29BDC-FC9E-49CE-A96B-0E44C4767DEE}"
EndProject
Global
	GlobalSection(SolutionConfigurationPlatforms) = preSolution
		Debug|Any CPU = Debug|Any CPU
		Release|Any CPU = Release|Any CPU
	EndGlobalSection
	GlobalSection(ProjectConfigurationPlatforms) = postSolution
		{8BDE5265-5C6C-41ED-B5B5-FF591B2123B9}.Debug|Any CPU.ActiveCfg = Debug|Any CPU
		{8BDE5265-5C6C-41ED-B5B5-FF591B2123B9}.Debug|Any CPU.Build.0 = Debug|Any CPU
		{8BDE5265-5C6C-41ED-B5B5-FF591B2123B9}.Release|Any CPU.ActiveCfg = Release|Any CPU
		{8BDE5265-5C6C-41ED-B5B5-FF591B2123B9}.Release|Any CPU.Build.0 = Release|Any CPU
		{1FF29BDC-FC9E-49CE-A96B-0E44C4767DEE}.Debug|Any CPU.ActiveCfg = Debug
		{1FF29BDC-FC9E-49CE-A96B-0E44C4767DEE}.Release|Any CPU.ActiveCfg = Release
	EndGlobalSection
	GlobalSection(SolutionProperties) = preSolution
		HideSolutionNode = FALSE
	EndGlobalSection
	GlobalSection(ExtensibilityGlobals) = postSolution
		SolutionGuid = {29BCA51A-9827-40DA-9934-8EEDB6CB98C6}
	EndGlobalSection
EndGlobal
